
Microsoft Visual Studio Solution File, Format Version 12.00
# Visual Studio Version 16
VisualStudioVersion = 16.0.30114.105
MinimumVisualStudioVersion = 10.0.40219.1
Project("{8BC9CEB8-8B4A-11D0-8D11-00A0C91BC942}") = "Baildad", "Baildad\Baildad.vcxproj", "{E999583E-0131-4042-AEB0-41140F7BEB2A}"
EndProject
Project("{8BC9CEB8-8B4A-11D0-8D11-00A0C91BC942}") = "Sandbox", "Sandbox\Sandbox.vcxproj", "{09A75382-977F-4B14-9CA6-A1B24CBA56CE}"
EndProject
Global
	GlobalSection(SolutionConfigurationPlatforms) = preSolution
		Debug|x64 = Debug|x64
		Release|x64 = Release|x64
	EndGlobalSection
	GlobalSection(ProjectConfigurationPlatforms) = postSolution
		{E999583E-0131-4042-AEB0-41140F7BEB2A}.Debug|x64.ActiveCfg = Debug|x64
		{E999583E-0131-4042-AEB0-41140F7BEB2A}.Debug|x64.Build.0 = Debug|x64
		{E999583E-0131-4042-AEB0-41140F7BEB2A}.Release|x64.ActiveCfg = Release|x64
		{E999583E-0131-4042-AEB0-41140F7BEB2A}.Release|x64.Build.0 = Release|x64
		{09A75382-977F-4B14-9CA6-A1B24CBA56CE}.Debug|x64.ActiveCfg = Debug|x64
		{09A75382-977F-4B14-9CA6-A1B24CBA56CE}.Debug|x64.Build.0 = Debug|x64
		{09A75382-977F-4B14-9CA6-A1B24CBA56CE}.Release|x64.ActiveCfg = Release|x64
		{09A75382-977F-4B14-9CA6-A1B24CBA56CE}.Release|x64.Build.0 = Release|x64
	EndGlobalSection
	GlobalSection(SolutionProperties) = preSolution
		HideSolutionNode = FALSE
	EndGlobalSection
	GlobalSection(ExtensibilityGlobals) = postSolution
		SolutionGuid = {A471487F-D2C4-4E04-B813-E88CAD0F4AFF}
	EndGlobalSection
EndGlobal
